// !$*UTF8*$!
{
	archiveVersion = 1;
	classes = {
	};
	objectVersion = 50;
	objects = {

/* Begin PBXBuildFile section */
		B14381BA238D946600001701 /* SentMemeTableViewController.swift in Sources */ = {isa = PBXBuildFile; fileRef = B14381B9238D946600001701 /* SentMemeTableViewController.swift */; };
		B14381BC238D948200001701 /* SentMemeCollectionViewController.swift in Sources */ = {isa = PBXBuildFile; fileRef = B14381BB238D948200001701 /* SentMemeCollectionViewController.swift */; };
		B14381C0238DD73A00001701 /* MemeTableViewCell.swift in Sources */ = {isa = PBXBuildFile; fileRef = B14381BF238DD73A00001701 /* MemeTableViewCell.swift */; };
		B14381C2238DF3AE00001701 /* MemeCollectionViewCell.swift in Sources */ = {isa = PBXBuildFile; fileRef = B14381C1238DF3AE00001701 /* MemeCollectionViewCell.swift */; };
		B1887A9C239CB479007CA6C0 /* MemeDetailViewController.swift in Sources */ = {isa = PBXBuildFile; fileRef = B1887A9B239CB479007CA6C0 /* MemeDetailViewController.swift */; };
		B1887AA0239EB5D9007CA6C0 /* Constants.swift in Sources */ = {isa = PBXBuildFile; fileRef = B1887A9F239EB5D9007CA6C0 /* Constants.swift */; };
		B1D349FD237BF83100776344 /* AppDelegate.swift in Sources */ = {isa = PBXBuildFile; fileRef = B1D349FC237BF83100776344 /* AppDelegate.swift */; };
		B1D349FF237BF83100776344 /* SceneDelegate.swift in Sources */ = {isa = PBXBuildFile; fileRef = B1D349FE237BF83100776344 /* SceneDelegate.swift */; };
		B1D34A01237BF83100776344 /* MemeEditorViewController.swift in Sources */ = {isa = PBXBuildFile; fileRef = B1D34A00237BF83100776344 /* MemeEditorViewController.swift */; };
		B1D34A04237BF83100776344 /* Main.storyboard in Resources */ = {isa = PBXBuildFile; fileRef = B1D34A02237BF83100776344 /* Main.storyboard */; };
		B1D34A06237BF83500776344 /* Assets.xcassets in Resources */ = {isa = PBXBuildFile; fileRef = B1D34A05237BF83500776344 /* Assets.xcassets */; };
		B1D34A09237BF83500776344 /* LaunchScreen.storyboard in Resources */ = {isa = PBXBuildFile; fileRef = B1D34A07237BF83500776344 /* LaunchScreen.storyboard */; };
		B1E20B6E237CD228006133AC /* Meme.swift in Sources */ = {isa = PBXBuildFile; fileRef = B1E20B6D237CD228006133AC /* Meme.swift */; };
/* End PBXBuildFile section */

/* Begin PBXFileReference section */
		B14381B9238D946600001701 /* SentMemeTableViewController.swift */ = {isa = PBXFileReference; lastKnownFileType = sourcecode.swift; path = SentMemeTableViewController.swift; sourceTree = "<group>"; };
		B14381BB238D948200001701 /* SentMemeCollectionViewController.swift */ = {isa = PBXFileReference; lastKnownFileType = sourcecode.swift; path = SentMemeCollectionViewController.swift; sourceTree = "<group>"; };
		B14381BF238DD73A00001701 /* MemeTableViewCell.swift */ = {isa = PBXFileReference; lastKnownFileType = sourcecode.swift; path = MemeTableViewCell.swift; sourceTree = "<group>"; };
		B14381C1238DF3AE00001701 /* MemeCollectionViewCell.swift */ = {isa = PBXFileReference; lastKnownFileType = sourcecode.swift; path = MemeCollectionViewCell.swift; sourceTree = "<group>"; };
		B1887A9B239CB479007CA6C0 /* MemeDetailViewController.swift */ = {isa = PBXFileReference; lastKnownFileType = sourcecode.swift; path = MemeDetailViewController.swift; sourceTree = "<group>"; };
		B1887A9F239EB5D9007CA6C0 /* Constants.swift */ = {isa = PBXFileReference; lastKnownFileType = sourcecode.swift; path = Constants.swift; sourceTree = "<group>"; };
		B1D349F9237BF83100776344 /* MemeMe.app */ = {isa = PBXFileReference; explicitFileType = wrapper.application; includeInIndex = 0; path = MemeMe.app; sourceTree = BUILT_PRODUCTS_DIR; };
		B1D349FC237BF83100776344 /* AppDelegate.swift */ = {isa = PBXFileReference; lastKnownFileType = sourcecode.swift; path = AppDelegate.swift; sourceTree = "<group>"; };
		B1D349FE237BF83100776344 /* SceneDelegate.swift */ = {isa = PBXFileReference; lastKnownFileType = sourcecode.swift; path = SceneDelegate.swift; sourceTree = "<group>"; };
		B1D34A00237BF83100776344 /* MemeEditorViewController.swift */ = {isa = PBXFileReference; lastKnownFileType = sourcecode.swift; path = MemeEditorViewController.swift; sourceTree = "<group>"; };
		B1D34A03237BF83100776344 /* Base */ = {isa = PBXFileReference; lastKnownFileType = file.storyboard; name = Base; path = Base.lproj/Main.storyboard; sourceTree = "<group>"; };
		B1D34A05237BF83500776344 /* Assets.xcassets */ = {isa = PBXFileReference; lastKnownFileType = folder.assetcatalog; path = Assets.xcassets; sourceTree = "<group>"; };
		B1D34A08237BF83500776344 /* Base */ = {isa = PBXFileReference; lastKnownFileType = file.storyboard; name = Base; path = Base.lproj/LaunchScreen.storyboard; sourceTree = "<group>"; };
		B1D34A0A237BF83500776344 /* Info.plist */ = {isa = PBXFileReference; lastKnownFileType = text.plist.xml; path = Info.plist; sourceTree = "<group>"; };
		B1E20B6D237CD228006133AC /* Meme.swift */ = {isa = PBXFileReference; lastKnownFileType = sourcecode.swift; path = Meme.swift; sourceTree = "<group>"; };
/* End PBXFileReference section */

/* Begin PBXFrameworksBuildPhase section */
		B1D349F6237BF83100776344 /* Frameworks */ = {
			isa = PBXFrameworksBuildPhase;
			buildActionMask = 2147483647;
			files = (
			);
			runOnlyForDeploymentPostprocessing = 0;
		};
/* End PBXFrameworksBuildPhase section */

/* Begin PBXGroup section */
		B1887A9D239EB566007CA6C0 /* Cells */ = {
			isa = PBXGroup;
			children = (
				B14381BF238DD73A00001701 /* MemeTableViewCell.swift */,
				B14381C1238DF3AE00001701 /* MemeCollectionViewCell.swift */,
			);
			path = Cells;
			sourceTree = "<group>";
		};
		B1887A9E239EB5AB007CA6C0 /* Supporting Files */ = {
			isa = PBXGroup;
			children = (
				B1D34A0A237BF83500776344 /* Info.plist */,
			);
			path = "Supporting Files";
			sourceTree = "<group>";
		};
		B1D349F0237BF83000776344 = {
			isa = PBXGroup;
			children = (
				B1D349FB237BF83100776344 /* MemeMe */,
				B1D349FA237BF83100776344 /* Products */,
			);
			sourceTree = "<group>";
		};
		B1D349FA237BF83100776344 /* Products */ = {
			isa = PBXGroup;
			children = (
				B1D349F9237BF83100776344 /* MemeMe.app */,
			);
			name = Products;
			sourceTree = "<group>";
		};
		B1D349FB237BF83100776344 /* MemeMe */ = {
			isa = PBXGroup;
			children = (
				B1E20B6C237CD219006133AC /* Models */,
				B1E20B69237CD1B9006133AC /* Controllers */,
				B1E20B6B237CD1F5006133AC /* Views */,
				B1E20B6A237CD1C9006133AC /* Resources */,
				B1887A9E239EB5AB007CA6C0 /* Supporting Files */,
				B1E20B68237CD18B006133AC /* App Delegates */,
			);
			path = MemeMe;
			sourceTree = "<group>";
		};
		B1E20B68237CD18B006133AC /* App Delegates */ = {
			isa = PBXGroup;
			children = (
				B1D349FC237BF83100776344 /* AppDelegate.swift */,
				B1D349FE237BF83100776344 /* SceneDelegate.swift */,
			);
			path = "App Delegates";
			sourceTree = "<group>";
		};
		B1E20B69237CD1B9006133AC /* Controllers */ = {
			isa = PBXGroup;
			children = (
				B1D34A00237BF83100776344 /* MemeEditorViewController.swift */,
				B14381B9238D946600001701 /* SentMemeTableViewController.swift */,
				B14381BB238D948200001701 /* SentMemeCollectionViewController.swift */,
				B1887A9B239CB479007CA6C0 /* MemeDetailViewController.swift */,
			);
			path = Controllers;
			sourceTree = "<group>";
		};
		B1E20B6A237CD1C9006133AC /* Resources */ = {
			isa = PBXGroup;
			children = (
				B1D34A02237BF83100776344 /* Main.storyboard */,
				B1D34A07237BF83500776344 /* LaunchScreen.storyboard */,
				B1D34A05237BF83500776344 /* Assets.xcassets */,
			);
			path = Resources;
			sourceTree = "<group>";
		};
		B1E20B6B237CD1F5006133AC /* Views */ = {
			isa = PBXGroup;
			children = (
				B1887A9D239EB566007CA6C0 /* Cells */,
			);
			path = Views;
			sourceTree = "<group>";
		};
		B1E20B6C237CD219006133AC /* Models */ = {
			isa = PBXGroup;
			children = (
				B1E20B6D237CD228006133AC /* Meme.swift */,
				B1887A9F239EB5D9007CA6C0 /* Constants.swift */,
			);
			path = Models;
			sourceTree = "<group>";
		};
/* End PBXGroup section */

/* Begin PBXNativeTarget section */
		B1D349F8237BF83100776344 /* MemeMe */ = {
			isa = PBXNativeTarget;
			buildConfigurationList = B1D34A0D237BF83500776344 /* Build configuration list for PBXNativeTarget "MemeMe" */;
			buildPhases = (
				B1D349F5237BF83100776344 /* Sources */,
				B1D349F6237BF83100776344 /* Frameworks */,
				B1D349F7237BF83100776344 /* Resources */,
			);
			buildRules = (
			);
			dependencies = (
			);
			name = MemeMe;
			productName = MemeMe;
			productReference = B1D349F9237BF83100776344 /* MemeMe.app */;
			productType = "com.apple.product-type.application";
		};
/* End PBXNativeTarget section */

/* Begin PBXProject section */
		B1D349F1237BF83000776344 /* Project object */ = {
			isa = PBXProject;
			attributes = {
				LastSwiftUpdateCheck = 1120;
				LastUpgradeCheck = 1120;
				ORGANIZATIONNAME = qi;
				TargetAttributes = {
					B1D349F8237BF83100776344 = {
						CreatedOnToolsVersion = 11.2;
					};
				};
			};
			buildConfigurationList = B1D349F4237BF83000776344 /* Build configuration list for PBXProject "MemeMe" */;
			compatibilityVersion = "Xcode 9.3";
			developmentRegion = en;
			hasScannedForEncodings = 0;
			knownRegions = (
				en,
				Base,
			);
			mainGroup = B1D349F0237BF83000776344;
			productRefGroup = B1D349FA237BF83100776344 /* Products */;
			projectDirPath = "";
			projectRoot = "";
			targets = (
				B1D349F8237BF83100776344 /* MemeMe */,
			);
		};
/* End PBXProject section */

/* Begin PBXResourcesBuildPhase section */
		B1D349F7237BF83100776344 /* Resources */ = {
			isa = PBXResourcesBuildPhase;
			buildActionMask = 2147483647;
			files = (
				B1D34A09237BF83500776344 /* LaunchScreen.storyboard in Resources */,
				B1D34A06237BF83500776344 /* Assets.xcassets in Resources */,
				B1D34A04237BF83100776344 /* Main.storyboard in Resources */,
			);
			runOnlyForDeploymentPostprocessing = 0;
		};
/* End PBXResourcesBuildPhase section */

/* Begin PBXSourcesBuildPhase section */
		B1D349F5237BF83100776344 /* Sources */ = {
			isa = PBXSourcesBuildPhase;
			buildActionMask = 2147483647;
			files = (
				B1887A9C239CB479007CA6C0 /* MemeDetailViewController.swift in Sources */,
				B1D34A01237BF83100776344 /* MemeEditorViewController.swift in Sources */,
				B14381C0238DD73A00001701 /* MemeTableViewCell.swift in Sources */,
				B14381BA238D946600001701 /* SentMemeTableViewController.swift in Sources */,
				B14381C2238DF3AE00001701 /* MemeCollectionViewCell.swift in Sources */,
				B1887AA0239EB5D9007CA6C0 /* Constants.swift in Sources */,
				B1E20B6E237CD228006133AC /* Meme.swift in Sources */,
				B1D349FD237BF83100776344 /* AppDelegate.swift in Sources */,
				B14381BC238D948200001701 /* SentMemeCollectionViewController.swift in Sources */,
				B1D349FF237BF83100776344 /* SceneDelegate.swift in Sources */,
			);
			runOnlyForDeploymentPostprocessing = 0;
		};
/* End PBXSourcesBuildPhase section */

/* Begin PBXVariantGroup section */
		B1D34A02237BF83100776344 /* Main.storyboard */ = {
			isa = PBXVariantGroup;
			children = (
				B1D34A03237BF83100776344 /* Base */,
			);
			name = Main.storyboard;
			sourceTree = "<group>";
		};
		B1D34A07237BF83500776344 /* LaunchScreen.storyboard */ = {
			isa = PBXVariantGroup;
			children = (
				B1D34A08237BF83500776344 /* Base */,
			);
			name = LaunchScreen.storyboard;
			sourceTree = "<group>";
		};
/* End PBXVariantGroup section */

/* Begin XCBuildConfiguration section */
		B1D34A0B237BF83500776344 /* Debug */ = {
			isa = XCBuildConfiguration;
			buildSettings = {
				ALWAYS_SEARCH_USER_PATHS = NO;
				CLANG_ANALYZER_NONNULL = YES;
				CLANG_ANALYZER_NUMBER_OBJECT_CONVERSION = YES_AGGRESSIVE;
				CLANG_CXX_LANGUAGE_STANDARD = "gnu++14";
				CLANG_CXX_LIBRARY = "libc++";
				CLANG_ENABLE_MODULES = YES;
				CLANG_ENABLE_OBJC_ARC = YES;
				CLANG_ENABLE_OBJC_WEAK = YES;
				CLANG_WARN_BLOCK_CAPTURE_AUTORELEASING = YES;
				CLANG_WARN_BOOL_CONVERSION = YES;
				CLANG_WARN_COMMA = YES;
				CLANG_WARN_CONSTANT_CONVERSION = YES;
				CLANG_WARN_DEPRECATED_OBJC_IMPLEMENTATIONS = YES;
				CLANG_WARN_DIRECT_OBJC_ISA_USAGE = YES_ERROR;
				CLANG_WARN_DOCUMENTATION_COMMENTS = YES;
				CLANG_WARN_EMPTY_BODY = YES;
				CLANG_WARN_ENUM_CONVERSION = YES;
				CLANG_WARN_INFINITE_RECURSION = YES;
				CLANG_WARN_INT_CONVERSION = YES;
				CLANG_WARN_NON_LITERAL_NULL_CONVERSION = YES;
				CLANG_WARN_OBJC_IMPLICIT_RETAIN_SELF = YES;
				CLANG_WARN_OBJC_LITERAL_CONVERSION = YES;
				CLANG_WARN_OBJC_ROOT_CLASS = YES_ERROR;
				CLANG_WARN_RANGE_LOOP_ANALYSIS = YES;
				CLANG_WARN_STRICT_PROTOTYPES = YES;
				CLANG_WARN_SUSPICIOUS_MOVE = YES;
				CLANG_WARN_UNGUARDED_AVAILABILITY = YES_AGGRESSIVE;
				CLANG_WARN_UNREACHABLE_CODE = YES;
				CLANG_WARN__DUPLICATE_METHOD_MATCH = YES;
				COPY_PHASE_STRIP = NO;
				DEBUG_INFORMATION_FORMAT = dwarf;
				ENABLE_STRICT_OBJC_MSGSEND = YES;
				ENABLE_TESTABILITY = YES;
				GCC_C_LANGUAGE_STANDARD = gnu11;
				GCC_DYNAMIC_NO_PIC = NO;
				GCC_NO_COMMON_BLOCKS = YES;
				GCC_OPTIMIZATION_LEVEL = 0;
				GCC_PREPROCESSOR_DEFINITIONS = (
					"DEBUG=1",
					"$(inherited)",
				);
				GCC_WARN_64_TO_32_BIT_CONVERSION = YES;
				GCC_WARN_ABOUT_RETURN_TYPE = YES_ERROR;
				GCC_WARN_UNDECLARED_SELECTOR = YES;
				GCC_WARN_UNINITIALIZED_AUTOS = YES_AGGRESSIVE;
				GCC_WARN_UNUSED_FUNCTION = YES;
				GCC_WARN_UNUSED_VARIABLE = YES;
				IPHONEOS_DEPLOYMENT_TARGET = 13.2;
				MTL_ENABLE_DEBUG_INFO = INCLUDE_SOURCE;
				MTL_FAST_MATH = YES;
				ONLY_ACTIVE_ARCH = YES;
				SDKROOT = iphoneos;
				SWIFT_ACTIVE_COMPILATION_CONDITIONS = DEBUG;
				SWIFT_OPTIMIZATION_LEVEL = "-Onone";
			};
			name = Debug;
		};
		B1D34A0C237BF83500776344 /* Release */ = {
			isa = XCBuildConfiguration;
			buildSettings = {
				ALWAYS_SEARCH_USER_PATHS = NO;
				CLANG_ANALYZER_NONNULL = YES;
				CLANG_ANALYZER_NUMBER_OBJECT_CONVERSION = YES_AGGRESSIVE;
				CLANG_CXX_LANGUAGE_STANDARD = "gnu++14";
				CLANG_CXX_LIBRARY = "libc++";
				CLANG_ENABLE_MODULES = YES;
				CLANG_ENABLE_OBJC_ARC = YES;
				CLANG_ENABLE_OBJC_WEAK = YES;
				CLANG_WARN_BLOCK_CAPTURE_AUTORELEASING = YES;
				CLANG_WARN_BOOL_CONVERSION = YES;
				CLANG_WARN_COMMA = YES;
				CLANG_WARN_CONSTANT_CONVERSION = YES;
				CLANG_WARN_DEPRECATED_OBJC_IMPLEMENTATIONS = YES;
				CLANG_WARN_DIRECT_OBJC_ISA_USAGE = YES_ERROR;
				CLANG_WARN_DOCUMENTATION_COMMENTS = YES;
				CLANG_WARN_EMPTY_BODY = YES;
				CLANG_WARN_ENUM_CONVERSION = YES;
				CLANG_WARN_INFINITE_RECURSION = YES;
				CLANG_WARN_INT_CONVERSION = YES;
				CLANG_WARN_NON_LITERAL_NULL_CONVERSION = YES;
				CLANG_WARN_OBJC_IMPLICIT_RETAIN_SELF = YES;
				CLANG_WARN_OBJC_LITERAL_CONVERSION = YES;
				CLANG_WARN_OBJC_ROOT_CLASS = YES_ERROR;
				CLANG_WARN_RANGE_LOOP_ANALYSIS = YES;
				CLANG_WARN_STRICT_PROTOTYPES = YES;
				CLANG_WARN_SUSPICIOUS_MOVE = YES;
				CLANG_WARN_UNGUARDED_AVAILABILITY = YES_AGGRESSIVE;
				CLANG_WARN_UNREACHABLE_CODE = YES;
				CLANG_WARN__DUPLICATE_METHOD_MATCH = YES;
				COPY_PHASE_STRIP = NO;
				DEBUG_INFORMATION_FORMAT = "dwarf-with-dsym";
				ENABLE_NS_ASSERTIONS = NO;
				ENABLE_STRICT_OBJC_MSGSEND = YES;
				GCC_C_LANGUAGE_STANDARD = gnu11;
				GCC_NO_COMMON_BLOCKS = YES;
				GCC_WARN_64_TO_32_BIT_CONVERSION = YES;
				GCC_WARN_ABOUT_RETURN_TYPE = YES_ERROR;
				GCC_WARN_UNDECLARED_SELECTOR = YES;
				GCC_WARN_UNINITIALIZED_AUTOS = YES_AGGRESSIVE;
				GCC_WARN_UNUSED_FUNCTION = YES;
				GCC_WARN_UNUSED_VARIABLE = YES;
				IPHONEOS_DEPLOYMENT_TARGET = 13.2;
				MTL_ENABLE_DEBUG_INFO = NO;
				MTL_FAST_MATH = YES;
				SDKROOT = iphoneos;
				SWIFT_COMPILATION_MODE = wholemodule;
				SWIFT_OPTIMIZATION_LEVEL = "-O";
				VALIDATE_PRODUCT = YES;
			};
			name = Release;
		};
		B1D34A0E237BF83500776344 /* Debug */ = {
			isa = XCBuildConfiguration;
			buildSettings = {
				ASSETCATALOG_COMPILER_APPICON_NAME = AppIcon;
				CODE_SIGN_STYLE = Automatic;
				DEVELOPMENT_TEAM = WFS2L9Z9ZQ;
				INFOPLIST_FILE = "MemeMe/Supporting Files/Info.plist";
				LD_RUNPATH_SEARCH_PATHS = (
					"$(inherited)",
					"@executable_path/Frameworks",
				);
				PRODUCT_BUNDLE_IDENTIFIER = com.qiliu67.MemeMe;
				PRODUCT_NAME = "$(TARGET_NAME)";
				SWIFT_VERSION = 5.0;
				TARGETED_DEVICE_FAMILY = "1,2";
			};
			name = Debug;
		};
		B1D34A0F237BF83500776344 /* Release */ = {
			isa = XCBuildConfiguration;
			buildSettings = {
				ASSETCATALOG_COMPILER_APPICON_NAME = AppIcon;
				CODE_SIGN_STYLE = Automatic;
				DEVELOPMENT_TEAM = WFS2L9Z9ZQ;
				INFOPLIST_FILE = "MemeMe/Supporting Files/Info.plist";
				LD_RUNPATH_SEARCH_PATHS = (
					"$(inherited)",
					"@executable_path/Frameworks",
				);
				PRODUCT_BUNDLE_IDENTIFIER = com.qiliu67.MemeMe;
				PRODUCT_NAME = "$(TARGET_NAME)";
				SWIFT_VERSION = 5.0;
				TARGETED_DEVICE_FAMILY = "1,2";
			};
			name = Release;
		};
/* End XCBuildConfiguration section */

/* Begin XCConfigurationList section */
		B1D349F4237BF83000776344 /* Build configuration list for PBXProject "MemeMe" */ = {
			isa = XCConfigurationList;
			buildConfigurations = (
				B1D34A0B237BF83500776344 /* Debug */,
				B1D34A0C237BF83500776344 /* Release */,
			);
			defaultConfigurationIsVisible = 0;
			defaultConfigurationName = Release;
		};
		B1D34A0D237BF83500776344 /* Build configuration list for PBXNativeTarget "MemeMe" */ = {
			isa = XCConfigurationList;
			buildConfigurations = (
				B1D34A0E237BF83500776344 /* Debug */,
				B1D34A0F237BF83500776344 /* Release */,
			);
			defaultConfigurationIsVisible = 0;
			defaultConfigurationName = Release;
		};
/* End XCConfigurationList section */
	};
	rootObject = B1D349F1237BF83000776344 /* Project object */;
}
